
Microsoft Visual Studio Solution File, Format Version 12.00
# Visual Studio Version 16
VisualStudioVersion = 16.0.31613.86
MinimumVisualStudioVersion = 10.0.40219.1
Project("{FAE04EC0-301F-11D3-BF4B-00C04F79EFBC}") = "SimilarWeb.Api.Connector", "SimilarWeb.Api.Connector\SimilarWeb.Api.Connector.csproj", "{DE8FCE80-AC9F-460D-AB84-9EEE0A3D2958}"
EndProject
Project("{2150E333-8FDC-42A3-9474-1A3956D46DE8}") = "Tests", "Tests", "{37C4D044-065D-45D6-9DDC-E0187FDDF569}"
EndProject
Project("{FAE04EC0-301F-11D3-BF4B-00C04F79EFBC}") = "SimilarWeb.Api.Connector.Tests.App", "SimilarWeb.Api.Connector.Tests.App\SimilarWeb.Api.Connector.Tests.App.csproj", "{319951F7-6C18-45E5-8831-5A80704CF5DE}"
EndProject
Global
	GlobalSection(SolutionConfigurationPlatforms) = preSolution
		Debug|Any CPU = Debug|Any CPU
		Release|Any CPU = Release|Any CPU
	EndGlobalSection
	GlobalSection(ProjectConfigurationPlatforms) = postSolution
		{DE8FCE80-AC9F-460D-AB84-9EEE0A3D2958}.Debug|Any CPU.ActiveCfg = Debug|Any CPU
		{DE8FCE80-AC9F-460D-AB84-9EEE0A3D2958}.Debug|Any CPU.Build.0 = Debug|Any CPU
		{DE8FCE80-AC9F-460D-AB84-9EEE0A3D2958}.Release|Any CPU.ActiveCfg = Release|Any CPU
		{DE8FCE80-AC9F-460D-AB84-9EEE0A3D2958}.Release|Any CPU.Build.0 = Release|Any CPU
		{319951F7-6C18-45E5-8831-5A80704CF5DE}.Debug|Any CPU.ActiveCfg = Debug|Any CPU
		{319951F7-6C18-45E5-8831-5A80704CF5DE}.Debug|Any CPU.Build.0 = Debug|Any CPU
		{319951F7-6C18-45E5-8831-5A80704CF5DE}.Release|Any CPU.ActiveCfg = Release|Any CPU
		{319951F7-6C18-45E5-8831-5A80704CF5DE}.Release|Any CPU.Build.0 = Release|Any CPU
	EndGlobalSection
	GlobalSection(SolutionProperties) = preSolution
		HideSolutionNode = FALSE
	EndGlobalSection
	GlobalSection(NestedProjects) = preSolution
		{319951F7-6C18-45E5-8831-5A80704CF5DE} = {37C4D044-065D-45D6-9DDC-E0187FDDF569}
	EndGlobalSection
	GlobalSection(ExtensibilityGlobals) = postSolution
		SolutionGuid = {239AB5E4-F7D8-422B-8876-6E242F081B7C}
	EndGlobalSection
EndGlobal
